
Microsoft Visual Studio Solution File, Format Version 12.00
# Visual Studio 15
VisualStudioVersion = 15.0.33026.149
MinimumVisualStudioVersion = 10.0.40219.1
Project("{8BC9CEB8-8B4A-11D0-8D11-00A0C91BC942}") = "SimulatedAnnealing", "SimulatedAnnealing\SimulatedAnnealing.vcxproj", "{EB925FCD-9C47-40AA-820F-6D5FC1B365AC}"
EndProject
Global
	GlobalSection(SolutionConfigurationPlatforms) = preSolution
		Debug|x64 = Debug|x64
		Debug|x86 = Debug|x86
		Release|x64 = Release|x64
		Release|x86 = Release|x86
	EndGlobalSection
	GlobalSection(ProjectConfigurationPlatforms) = postSolution
		{EB925FCD-9C47-40AA-820F-6D5FC1B365AC}.Debug|x64.ActiveCfg = Debug|x64
		{EB925FCD-9C47-40AA-820F-6D5FC1B365AC}.Debug|x64.Build.0 = Debug|x64
		{EB925FCD-9C47-40AA-820F-6D5FC1B365AC}.Debug|x86.ActiveCfg = Debug|Win32
		{EB925FCD-9C47-40AA-820F-6D5FC1B365AC}.Debug|x86.Build.0 = Debug|Win32
		{EB925FCD-9C47-40AA-820F-6D5FC1B365AC}.Release|x64.ActiveCfg = Release|x64
		{EB925FCD-9C47-40AA-820F-6D5FC1B365AC}.Release|x64.Build.0 = Release|x64
		{EB925FCD-9C47-40AA-820F-6D5FC1B365AC}.Release|x86.ActiveCfg = Release|Win32
		{EB925FCD-9C47-40AA-820F-6D5FC1B365AC}.Release|x86.Build.0 = Release|Win32
	EndGlobalSection
	GlobalSection(SolutionProperties) = preSolution
		HideSolutionNode = FALSE
	EndGlobalSection
	GlobalSection(ExtensibilityGlobals) = postSolution
		SolutionGuid = {9199C506-D6B5-470F-AB96-DB4A69F7A6D3}
	EndGlobalSection
EndGlobal
